schema: '2.0'
stages:
  data_ingestion:
    cmd: python csr/data_ingestion.py
    deps:
    - path: csr/data_ingestion.py
      hash: md5
      md5: 196c8b1149f6f086f2b3fe86edc6e2fc
      size: 3065
    outs:
    - path: data/raw
      hash: md5
      md5: 1a287d34dc172d9f950c03dae35f7e73.dir
      size: 484846
      nfiles: 2
  data_preprocessing:
    cmd: python csr/data_preprocessing.py
    deps:
    - path: csr/data_preprocessing.py
      hash: md5
      md5: f410183197456087ea816c08b1567587
      size: 3995
    - path: data/raw
      hash: md5
      md5: 1a287d34dc172d9f950c03dae35f7e73.dir
      size: 484846
      nfiles: 2
    outs:
    - path: data/interim
      hash: md5
      md5: d99be5cb2b019d747166f90739fa6d08.dir
      size: 260073
      nfiles: 2
  feature_engineering:
    cmd: python csr/feature_engineering.py
    deps:
    - path: csr/feature_engineering.py
      hash: md5
      md5: a50ed742cbe2361b7dd656fd24bbe35a
      size: 3910
    - path: data/interim
      hash: md5
      md5: d99be5cb2b019d747166f90739fa6d08.dir
      size: 260073
      nfiles: 2
    outs:
    - path: data/processed
      hash: md5
      md5: 75e218e1ef3eca0fbee7bf147502a2e7.dir
      size: 1179996
      nfiles: 2
  model_building:
    cmd: python csr/model_building.py
    deps:
    - path: csr/model_building.py
      hash: md5
      md5: 6a7e2ca200803077b4f6335ee6aad3ea
      size: 4416
    - path: data/processed
      hash: md5
      md5: 75e218e1ef3eca0fbee7bf147502a2e7.dir
      size: 1179996
      nfiles: 2
    outs:
    - path: models/model.pkl
      hash: md5
      md5: 7385b7e910c4db2087d7ed59b8e21488
      size: 998455
  model_evaluation:
    cmd: python csr/model_evaluation.py
    deps:
    - path: csr/model_evaluation.py
      hash: md5
      md5: 94298c6f678918c0195dee2ee3c7abb4
      size: 4641
    - path: models/model.pkl
      hash: md5
      md5: 7385b7e910c4db2087d7ed59b8e21488
      size: 998455
    outs:
    - path: reports/metrics.json
      hash: md5
      md5: eac6afc8901064a391e7366797af3727
      size: 145
