schema: '2.0'
stages:
  data_ingestion:
    cmd: python csr/data_ingestion.py
    deps:
    - path: csr/data_ingestion.py
      hash: md5
      md5: c5987fe889fcffe271f2eb0a6b723040
      size: 3636
    params:
      params.yaml:
        data_ingestion.test_size: 0.1
    outs:
    - path: data/raw
      hash: md5
      md5: 9097e041a34df9054caed15688df1464.dir
      size: 484846
      nfiles: 2
  data_preprocessing:
    cmd: python csr/data_preprocessing.py
    deps:
    - path: csr/data_preprocessing.py
      hash: md5
      md5: f410183197456087ea816c08b1567587
      size: 3995
    - path: data/raw
      hash: md5
      md5: 9097e041a34df9054caed15688df1464.dir
      size: 484846
      nfiles: 2
    outs:
    - path: data/interim
      hash: md5
      md5: 372e18bfa771372d41b683bc64b32377.dir
      size: 257605
      nfiles: 2
  feature_engineering:
    cmd: python csr/feature_engineering.py
    deps:
    - path: csr/feature_engineering.py
      hash: md5
      md5: 3a0acbdad82e1522f5e94453f91f3422
      size: 4485
    - path: data/interim
      hash: md5
      md5: 372e18bfa771372d41b683bc64b32377.dir
      size: 257605
      nfiles: 2
    params:
      params.yaml:
        feature_engineering.max_features: 25
    outs:
    - path: data/processed
      hash: md5
      md5: 7d02fe9bfcde115d94471155b2ea89c7.dir
      size: 597612
      nfiles: 2
  model_building:
    cmd: python csr/model_building.py
    deps:
    - path: csr/model_building.py
      hash: md5
      md5: ddbd95db7219cf0813fcbe51e75ee9d2
      size: 5056
    - path: data/processed
      hash: md5
      md5: 7d02fe9bfcde115d94471155b2ea89c7.dir
      size: 597612
      nfiles: 2
    params:
      params.yaml:
        model_building.n_estimators: 20
        model_building.random_state: 2
    outs:
    - path: models/model.pkl
      hash: md5
      md5: 6620d59038e7484338db7e0a50ff5f50
      size: 553746
  model_evaluation:
    cmd: python csr/model_evaluation.py
    deps:
    - path: csr/model_evaluation.py
      hash: md5
      md5: b99a478012f188be4e647e9a2a68c579
      size: 5206
    - path: models/model.pkl
      hash: md5
      md5: 6620d59038e7484338db7e0a50ff5f50
      size: 553746
    outs:
    - path: reports/metrics.json
      hash: md5
      md5: c7a0f99cba84f4365f020a957c35d5ed
      size: 145
