schema: '2.0'
stages:
  data_ingestion:
    cmd: python csr/data_ingestion.py
    deps:
    - path: csr/data_ingestion.py
      hash: md5
      md5: c5987fe889fcffe271f2eb0a6b723040
      size: 3636
    params:
      params.yaml:
        data_ingestion.test_size: 0.2
    outs:
    - path: data/raw
      hash: md5
      md5: 1a287d34dc172d9f950c03dae35f7e73.dir
      size: 484846
      nfiles: 2
  data_preprocessing:
    cmd: python csr/data_preprocessing.py
    deps:
    - path: csr/data_preprocessing.py
      hash: md5
      md5: f410183197456087ea816c08b1567587
      size: 3995
    - path: data/raw
      hash: md5
      md5: 1a287d34dc172d9f950c03dae35f7e73.dir
      size: 484846
      nfiles: 2
    outs:
    - path: data/interim
      hash: md5
      md5: d99be5cb2b019d747166f90739fa6d08.dir
      size: 260073
      nfiles: 2
  feature_engineering:
    cmd: python csr/feature_engineering.py
    deps:
    - path: csr/feature_engineering.py
      hash: md5
      md5: 3a0acbdad82e1522f5e94453f91f3422
      size: 4485
    - path: data/interim
      hash: md5
      md5: d99be5cb2b019d747166f90739fa6d08.dir
      size: 260073
      nfiles: 2
    params:
      params.yaml:
        feature_engineering.max_features: 35
    outs:
    - path: data/processed
      hash: md5
      md5: a8c07e8093dadb60b7a4d952b7a27628.dir
      size: 834750
      nfiles: 2
  model_building:
    cmd: python csr/model_building.py
    deps:
    - path: csr/model_building.py
      hash: md5
      md5: ddbd95db7219cf0813fcbe51e75ee9d2
      size: 5056
    - path: data/processed
      hash: md5
      md5: a8c07e8093dadb60b7a4d952b7a27628.dir
      size: 834750
      nfiles: 2
    params:
      params.yaml:
        model_building.n_estimators: 22
        model_building.random_state: 2
    outs:
    - path: models/model.pkl
      hash: md5
      md5: 3e421de09b53b96dd786c35422991be5
      size: 720147
  model_evaluation:
    cmd: python csr/model_evaluation.py
    deps:
    - path: csr/model_evaluation.py
      hash: md5
      md5: 94298c6f678918c0195dee2ee3c7abb4
      size: 4641
    - path: models/model.pkl
      hash: md5
      md5: 3e421de09b53b96dd786c35422991be5
      size: 720147
    outs:
    - path: reports/metrics.json
      hash: md5
      md5: abba219d58644dde3de017d8eedbd8b8
      size: 145
